{
  "name": "@shendu-sdt/jj-flow",
  "version": "0.1.1-beta.22",
  "lockfileVersion": 3,
  "requires": true,
  "packages": {
    "": {
      "name": "@shendu-sdt/jj-flow",
      "version": "0.1.1-beta.22",
      "license": "MIT",
      "bin": {
        "jj": "bin/jj.mjs",
        "jj-flow": "bin/jj.mjs"
      },
      "engines": {
        "node": ">=20.19.0"
      }
    }
  }
}
